<?xml version="1.0" encoding="utf-8"?>
<Project ToolsVersion="4.0" xmlns="http://schemas.microsoft.com/developer/msbuild/2003">
  <ItemGroup>
    <Filter Include="Application">
      <UniqueIdentifier>{d4ecb79a-d75f-4fa7-ba8e-26c8ca9d2901}</UniqueIdentifier>
    </Filter>
    <Filter Include="Common">
      <UniqueIdentifier>{4bea8ada-a13d-41d7-b04e-80fc67330155}</UniqueIdentifier>
    </Filter>
    <Filter Include="Shader">
      <UniqueIdentifier>{e55e0009-2893-44c9-84bd-e4e0c4dcb169}</UniqueIdentifier>
    </Filter>
    <Filter Include="imgui">
      <UniqueIdentifier>{476041ab-e3c6-4a9a-b8de-0d05fde667cf}</UniqueIdentifier>
    </Filter>
    <Filter Include="Editor">
      <UniqueIdentifier>{b6674402-1485-4b23-bfc8-d280bbd529f5}</UniqueIdentifier>
    </Filter>
  </ItemGroup>
  <ItemGroup>
    <ClCompile Include="Application\main.cpp">
      <Filter>Application</Filter>
    </ClCompile>
    <ClCompile Include="Application\App.cpp">
      <Filter>Application</Filter>
    </ClCompile>
    <ClCompile Include="Application\VShaderHelper.cpp">
      <Filter>Application</Filter>
    </ClCompile>
    <ClCompile Include="Common\BaseApp.cpp">
      <Filter>Common</Filter>
    </ClCompile>
    <ClCompile Include="ImModule.cpp">
      <Filter>imgui</Filter>
    </ClCompile>
    <ClCompile Include="Editor.cpp">
      <Filter>Editor</Filter>
    </ClCompile>
    <ClCompile Include="MaterialEditor.cpp">
      <Filter>Editor</Filter>
    </ClCompile>
    <ClCompile Include="CameraEditor.cpp">
      <Filter>Editor</Filter>
    </ClCompile>
  </ItemGroup>
  <ItemGroup>
    <ClInclude Include="Application\App.h">
      <Filter>Application</Filter>
    </ClInclude>
    <ClInclude Include="Common\BaseApp.h">
      <Filter>Common</Filter>
    </ClInclude>
    <ClInclude Include="Common\AppHelper.h">
      <Filter>Common</Filter>
    </ClInclude>
    <ClInclude Include="ImModule.h">
      <Filter>imgui</Filter>
    </ClInclude>
    <ClInclude Include="Editor.h">
      <Filter>Editor</Filter>
    </ClInclude>
    <ClInclude Include="MaterialEditor.h">
      <Filter>Editor</Filter>
    </ClInclude>
    <ClInclude Include="CameraEditor.h">
      <Filter>Editor</Filter>
    </ClInclude>
    <ClInclude Include="Common\AssetViewer.h">
      <Filter>Common</Filter>
    </ClInclude>
  </ItemGroup>
  <ItemGroup>
    <None Include="Shader\DebugTextureVertexShader.hlsl">
      <Filter>Shader</Filter>
    </None>
    <None Include="Shader\DebugTexturePixelShader.hlsl">
      <Filter>Shader</Filter>
    </None>
  </ItemGroup>
</Project>