<?xml version="1.0" encoding="utf-8"?>
<Project ToolsVersion="4.0" xmlns="http://schemas.microsoft.com/developer/msbuild/2003">
  <ItemGroup>
    <Filter Include="BRDF">
      <UniqueIdentifier>{852d405f-7048-4ff4-9600-e658fdce4172}</UniqueIdentifier>
    </Filter>
    <Filter Include="Camera">
      <UniqueIdentifier>{df058d3b-8010-4734-a492-a2fc6e111521}</UniqueIdentifier>
    </Filter>
    <Filter Include="Filter">
      <UniqueIdentifier>{636eb3cb-e4c2-4feb-b21e-8b50409fb805}</UniqueIdentifier>
    </Filter>
    <Filter Include="IO">
      <UniqueIdentifier>{7075f33e-4307-4a30-9926-532d3f97a493}</UniqueIdentifier>
    </Filter>
    <Filter Include="Math">
      <UniqueIdentifier>{b1357366-1756-4d0f-901d-65d8b8227b70}</UniqueIdentifier>
    </Filter>
    <Filter Include="Renderer">
      <UniqueIdentifier>{8ce94718-98d4-47bc-a860-cdfd44bfcc19}</UniqueIdentifier>
    </Filter>
    <Filter Include="Sampler">
      <UniqueIdentifier>{18c27287-5f6d-4945-905a-0b6f3a15da9c}</UniqueIdentifier>
    </Filter>
    <Filter Include="Spectrum">
      <UniqueIdentifier>{bcd13329-d410-4408-9275-717305a9b8db}</UniqueIdentifier>
    </Filter>
    <Filter Include="Utilities">
      <UniqueIdentifier>{27d71d90-9355-4ee3-9779-919f505bf126}</UniqueIdentifier>
    </Filter>
    <Filter Include="Light">
      <UniqueIdentifier>{75dd654f-41a3-458c-b9bb-ae8433e799a4}</UniqueIdentifier>
    </Filter>
    <Filter Include="Shapes">
      <UniqueIdentifier>{d90170d1-d25b-4e19-8854-661b96151a4a}</UniqueIdentifier>
    </Filter>
    <Filter Include="Primitive">
      <UniqueIdentifier>{43e6e9fe-e3ab-4077-a532-3c25dd5d7a1b}</UniqueIdentifier>
    </Filter>
    <Filter Include="Integrator">
      <UniqueIdentifier>{0a54d534-146c-4aa7-a4b9-2e35d7c3f953}</UniqueIdentifier>
    </Filter>
    <Filter Include="Film">
      <UniqueIdentifier>{5570f68f-5866-4263-9cac-46e38a6fc31f}</UniqueIdentifier>
    </Filter>
    <Filter Include="Aplication">
      <UniqueIdentifier>{ed051cd6-cd1b-4e2c-b34e-0639fc782f85}</UniqueIdentifier>
    </Filter>
    <Filter Include="Core">
      <UniqueIdentifier>{f0ebbff1-4410-4e42-868c-ee3563287c2d}</UniqueIdentifier>
    </Filter>
    <Filter Include="Material">
      <UniqueIdentifier>{2ab87d2f-588a-4523-9c50-f7932e700b5e}</UniqueIdentifier>
    </Filter>
    <Filter Include="Accelerator">
      <UniqueIdentifier>{0dcdcfcb-95a2-4826-a32c-e174472d2ff3}</UniqueIdentifier>
    </Filter>
  </ItemGroup>
  <ItemGroup>
    <ClCompile Include="..\..\Source\Math\Matrix3.cpp">
      <Filter>Math</Filter>
    </ClCompile>
    <ClCompile Include="..\..\Source\Math\Matrix4.cpp">
      <Filter>Math</Filter>
    </ClCompile>
    <ClCompile Include="..\..\Source\Math\ONB.cpp">
      <Filter>Math</Filter>
    </ClCompile>
    <ClCompile Include="..\..\Source\IO\FileSystsem.cpp">
      <Filter>IO</Filter>
    </ClCompile>
    <ClCompile Include="..\..\Source\IO\Log.cpp">
      <Filter>IO</Filter>
    </ClCompile>
    <ClCompile Include="..\..\Source\Camera\Camera.cpp">
      <Filter>Camera</Filter>
    </ClCompile>
    <ClCompile Include="..\..\Source\Camera\PinholeCamera.cpp">
      <Filter>Camera</Filter>
    </ClCompile>
    <ClCompile Include="..\..\Source\Camera\ThinLensCamera.cpp">
      <Filter>Camera</Filter>
    </ClCompile>
    <ClCompile Include="..\..\Source\Filter\BoxFilter.cpp">
      <Filter>Filter</Filter>
    </ClCompile>
    <ClCompile Include="..\..\Source\Filter\Filter.cpp">
      <Filter>Filter</Filter>
    </ClCompile>
    <ClCompile Include="..\..\Source\Sampler\Sampling.cpp">
      <Filter>Sampler</Filter>
    </ClCompile>
    <ClCompile Include="..\..\Source\Spectrum\Spectrum.cpp">
      <Filter>Spectrum</Filter>
    </ClCompile>
    <ClCompile Include="..\..\Source\Utilities\PCH.cpp">
      <Filter>Utilities</Filter>
    </ClCompile>
    <ClCompile Include="..\..\Source\Utilities\srString.cpp">
      <Filter>Utilities</Filter>
    </ClCompile>
    <ClCompile Include="..\..\Source\Math\Normal.cpp">
      <Filter>Math</Filter>
    </ClCompile>
    <ClCompile Include="..\..\Source\Shapes\Shape.cpp">
      <Filter>Shapes</Filter>
    </ClCompile>
    <ClCompile Include="..\..\Source\Shapes\Sphere.cpp">
      <Filter>Shapes</Filter>
    </ClCompile>
    <ClCompile Include="..\..\Source\Primitive\IntersectRecord.cpp">
      <Filter>Primitive</Filter>
    </ClCompile>
    <ClCompile Include="..\..\Source\Primitive\Primitive.cpp">
      <Filter>Primitive</Filter>
    </ClCompile>
    <ClCompile Include="..\..\Source\Utilities\RandomNumberGenerator.cpp">
      <Filter>Utilities</Filter>
    </ClCompile>
    <ClCompile Include="..\..\Source\Sampler\Sampler.cpp">
      <Filter>Sampler</Filter>
    </ClCompile>
    <ClCompile Include="..\..\Source\Core\Scene.cpp">
      <Filter>Core</Filter>
    </ClCompile>
    <ClCompile Include="..\..\Source\Sampler\PureRandomSampler.cpp">
      <Filter>Sampler</Filter>
    </ClCompile>
    <ClCompile Include="..\..\Source\Renderer\Renderer.cpp">
      <Filter>Renderer</Filter>
    </ClCompile>
    <ClCompile Include="..\..\Source\Renderer\SamplerRenderer.cpp">
      <Filter>Renderer</Filter>
    </ClCompile>
    <ClCompile Include="..\..\Source\Film\Film.cpp">
      <Filter>Film</Filter>
    </ClCompile>
    <ClCompile Include="..\..\Source\Film\Image.cpp">
      <Filter>Film</Filter>
    </ClCompile>
    <ClCompile Include="..\..\Source\Film\PPMImage.cpp">
      <Filter>Film</Filter>
    </ClCompile>
    <ClCompile Include="..\..\Source\Application\main.cpp">
      <Filter>Aplication</Filter>
    </ClCompile>
    <ClCompile Include="..\..\Source\Math\Transform.cpp">
      <Filter>Math</Filter>
    </ClCompile>
    <ClCompile Include="..\..\Source\Math\Bounds2.cpp">
      <Filter>Math</Filter>
    </ClCompile>
    <ClCompile Include="..\..\Source\Math\Point2.cpp">
      <Filter>Math</Filter>
    </ClCompile>
    <ClCompile Include="..\..\Source\Math\Point3.cpp">
      <Filter>Math</Filter>
    </ClCompile>
    <ClCompile Include="..\..\Source\Math\Ray.cpp">
      <Filter>Math</Filter>
    </ClCompile>
    <ClCompile Include="..\..\Source\Math\Vector2.cpp">
      <Filter>Math</Filter>
    </ClCompile>
    <ClCompile Include="..\..\Source\Math\Vector3.cpp">
      <Filter>Math</Filter>
    </ClCompile>
    <ClCompile Include="..\..\Source\Math\Vector4.cpp">
      <Filter>Math</Filter>
    </ClCompile>
    <ClCompile Include="..\..\Source\Math\Bound3.cpp">
      <Filter>Math</Filter>
    </ClCompile>
    <ClCompile Include="..\..\Source\Sampler\NRooksSampler.cpp">
      <Filter>Sampler</Filter>
    </ClCompile>
    <ClCompile Include="..\..\Source\Shapes\Triangle.cpp">
      <Filter>Shapes</Filter>
    </ClCompile>
    <ClCompile Include="..\..\Source\Shapes\TriangleMesh.cpp">
      <Filter>Shapes</Filter>
    </ClCompile>
    <ClCompile Include="..\..\Source\Shapes\ModelParser.cpp">
      <Filter>Shapes</Filter>
    </ClCompile>
    <ClCompile Include="..\..\Source\Light\Light.cpp">
      <Filter>Light</Filter>
    </ClCompile>
    <ClCompile Include="..\..\Source\Light\PonitLight.cpp">
      <Filter>Light</Filter>
    </ClCompile>
    <ClCompile Include="..\..\Source\BRDF\BxDF.cpp">
      <Filter>BRDF</Filter>
    </ClCompile>
    <ClCompile Include="..\..\Source\BRDF\Lambertian.cpp">
      <Filter>BRDF</Filter>
    </ClCompile>
    <ClCompile Include="..\..\Source\Material\Material.cpp">
      <Filter>Material</Filter>
    </ClCompile>
    <ClCompile Include="..\..\Source\Light\VisibilityTester.cpp">
      <Filter>Light</Filter>
    </ClCompile>
    <ClCompile Include="..\..\Source\Integrator\SurfaceIntegrator.cpp">
      <Filter>Integrator</Filter>
    </ClCompile>
    <ClCompile Include="..\..\Source\Accelerator\Grid.cpp">
      <Filter>Accelerator</Filter>
    </ClCompile>
    <ClCompile Include="..\..\Source\Core\VIntersectable.cpp">
      <Filter>Core</Filter>
    </ClCompile>
    <ClCompile Include="..\..\Source\Shapes\AggregateShape.cpp">
      <Filter>Shapes</Filter>
    </ClCompile>
    <ClCompile Include="..\..\Source\Core\VSerializableObject.cpp">
      <Filter>Core</Filter>
    </ClCompile>
    <ClCompile Include="..\..\Source\Integrator\SimpleIntegrator.cpp">
      <Filter>Integrator</Filter>
    </ClCompile>
    <ClCompile Include="..\..\Source\Integrator\WhittedIntegrator.cpp">
      <Filter>Integrator</Filter>
    </ClCompile>
    <ClCompile Include="..\..\Source\Integrator\IntegratorPCH.cpp">
      <Filter>Integrator</Filter>
    </ClCompile>
    <ClCompile Include="..\..\Source\BRDF\SpecularReflection.cpp">
      <Filter>BRDF</Filter>
    </ClCompile>
    <ClCompile Include="..\..\Source\BRDF\Fresnel.cpp">
      <Filter>BRDF</Filter>
    </ClCompile>
    <ClCompile Include="..\..\Source\BRDF\FresnelConductor.cpp">
      <Filter>BRDF</Filter>
    </ClCompile>
    <ClCompile Include="..\..\Source\BRDF\FresnelDielectric.cpp">
      <Filter>BRDF</Filter>
    </ClCompile>
    <ClCompile Include="..\..\Source\BRDF\BSDF.cpp">
      <Filter>BRDF</Filter>
    </ClCompile>
    <ClCompile Include="..\..\Source\Material\GlassMaterial.cpp">
      <Filter>Material</Filter>
    </ClCompile>
    <ClCompile Include="..\..\Source\Material\DiffuseMaterial.cpp">
      <Filter>Material</Filter>
    </ClCompile>
    <ClCompile Include="..\..\Source\Core\VCustomRTTI.cpp">
      <Filter>Core</Filter>
    </ClCompile>
    <ClCompile Include="..\..\Source\Light\AreaLight.cpp">
      <Filter>Light</Filter>
    </ClCompile>
    <ClCompile Include="..\..\Source\BRDF\SpecularTransmission.cpp">
      <Filter>BRDF</Filter>
    </ClCompile>
  </ItemGroup>
  <ItemGroup>
    <ClInclude Include="..\..\Source\Math\Matrix3.h">
      <Filter>Math</Filter>
    </ClInclude>
    <ClInclude Include="..\..\Source\Math\Matrix4.h">
      <Filter>Math</Filter>
    </ClInclude>
    <ClInclude Include="..\..\Source\Math\ONB.h">
      <Filter>Math</Filter>
    </ClInclude>
    <ClInclude Include="..\..\Source\Math\Point2.h">
      <Filter>Math</Filter>
    </ClInclude>
    <ClInclude Include="..\..\Source\Math\Point3.h">
      <Filter>Math</Filter>
    </ClInclude>
    <ClInclude Include="..\..\Source\Math\Transform.h">
      <Filter>Math</Filter>
    </ClInclude>
    <ClInclude Include="..\..\Source\Math\Vector2.h">
      <Filter>Math</Filter>
    </ClInclude>
    <ClInclude Include="..\..\Source\Math\Vector3.h">
      <Filter>Math</Filter>
    </ClInclude>
    <ClInclude Include="..\..\Source\Math\Vector4.h">
      <Filter>Math</Filter>
    </ClInclude>
    <ClInclude Include="..\..\Source\IO\FileSystem.h">
      <Filter>IO</Filter>
    </ClInclude>
    <ClInclude Include="..\..\Source\IO\Log.h">
      <Filter>IO</Filter>
    </ClInclude>
    <ClInclude Include="..\..\Source\Camera\Camera.h">
      <Filter>Camera</Filter>
    </ClInclude>
    <ClInclude Include="..\..\Source\Camera\PinholeCamera.h">
      <Filter>Camera</Filter>
    </ClInclude>
    <ClInclude Include="..\..\Source\Camera\ThinLensCamera.h">
      <Filter>Camera</Filter>
    </ClInclude>
    <ClInclude Include="..\..\Source\Filter\BoxFilter.h">
      <Filter>Filter</Filter>
    </ClInclude>
    <ClInclude Include="..\..\Source\Filter\Filter.h">
      <Filter>Filter</Filter>
    </ClInclude>
    <ClInclude Include="..\..\Source\Sampler\Sampling.h">
      <Filter>Sampler</Filter>
    </ClInclude>
    <ClInclude Include="..\..\Source\Spectrum\Spectrum.h">
      <Filter>Spectrum</Filter>
    </ClInclude>
    <ClInclude Include="..\..\Source\Utilities\PCH.h">
      <Filter>Utilities</Filter>
    </ClInclude>
    <ClInclude Include="..\..\Source\Utilities\srString.h">
      <Filter>Utilities</Filter>
    </ClInclude>
    <ClInclude Include="..\..\Source\Math\Normal.h">
      <Filter>Math</Filter>
    </ClInclude>
    <ClInclude Include="..\..\Source\Shapes\Sphere.h">
      <Filter>Shapes</Filter>
    </ClInclude>
    <ClInclude Include="..\..\Source\Primitive\Primitive.h">
      <Filter>Primitive</Filter>
    </ClInclude>
    <ClInclude Include="..\..\Source\Primitive\IntersectRecord.h">
      <Filter>Primitive</Filter>
    </ClInclude>
    <ClInclude Include="..\..\Source\Utilities\RandomNumberGenerator.h">
      <Filter>Utilities</Filter>
    </ClInclude>
    <ClInclude Include="..\..\Source\Core\Scene.h">
      <Filter>Core</Filter>
    </ClInclude>
    <ClInclude Include="..\..\Source\Sampler\Sampler.h">
      <Filter>Sampler</Filter>
    </ClInclude>
    <ClInclude Include="..\..\Source\Sampler\CameraSample.h">
      <Filter>Sampler</Filter>
    </ClInclude>
    <ClInclude Include="..\..\Source\Sampler\PureRandomSampler.h">
      <Filter>Sampler</Filter>
    </ClInclude>
    <ClInclude Include="..\..\Source\Renderer\Renderer.h">
      <Filter>Renderer</Filter>
    </ClInclude>
    <ClInclude Include="..\..\Source\Renderer\SamplerRenderer.h">
      <Filter>Renderer</Filter>
    </ClInclude>
    <ClInclude Include="..\..\Source\Film\Film.h">
      <Filter>Film</Filter>
    </ClInclude>
    <ClInclude Include="..\..\Source\Film\Image.h">
      <Filter>Film</Filter>
    </ClInclude>
    <ClInclude Include="..\..\Source\Film\PPMImage.h">
      <Filter>Film</Filter>
    </ClInclude>
    <ClInclude Include="..\..\Source\Math\Bounds2.h">
      <Filter>Math</Filter>
    </ClInclude>
    <ClInclude Include="..\..\Source\Math\Ray.h">
      <Filter>Math</Filter>
    </ClInclude>
    <ClInclude Include="..\..\Source\Math\Bound3.h">
      <Filter>Math</Filter>
    </ClInclude>
    <ClInclude Include="..\..\Source\Sampler\NRooksSampler.h">
      <Filter>Sampler</Filter>
    </ClInclude>
    <ClInclude Include="..\..\Source\Shapes\Triangle.h">
      <Filter>Shapes</Filter>
    </ClInclude>
    <ClInclude Include="..\..\Source\Shapes\TriangleMesh.h">
      <Filter>Shapes</Filter>
    </ClInclude>
    <ClInclude Include="..\..\Source\Shapes\ModelParser.h">
      <Filter>Shapes</Filter>
    </ClInclude>
    <ClInclude Include="..\..\Source\Integrator\SurfaceIntegrator.h">
      <Filter>Integrator</Filter>
    </ClInclude>
    <ClInclude Include="..\..\Source\Light\Light.h">
      <Filter>Light</Filter>
    </ClInclude>
    <ClInclude Include="..\..\Source\Light\PointLight.h">
      <Filter>Light</Filter>
    </ClInclude>
    <ClInclude Include="..\..\Source\BRDF\BxDF.h">
      <Filter>BRDF</Filter>
    </ClInclude>
    <ClInclude Include="..\..\Source\BRDF\Lambertian.h">
      <Filter>BRDF</Filter>
    </ClInclude>
    <ClInclude Include="..\..\Source\Material\Material.h">
      <Filter>Material</Filter>
    </ClInclude>
    <ClInclude Include="..\..\Source\Light\VisibilityTester.h">
      <Filter>Light</Filter>
    </ClInclude>
    <ClInclude Include="..\..\Source\Math\UtilitiesFunction.h">
      <Filter>Math</Filter>
    </ClInclude>
    <ClInclude Include="..\..\Source\Accelerator\Grid.h">
      <Filter>Accelerator</Filter>
    </ClInclude>
    <ClInclude Include="..\..\Source\Accelerator\Accelerator.h">
      <Filter>Accelerator</Filter>
    </ClInclude>
    <ClInclude Include="..\..\Source\Core\VIntersectable.h">
      <Filter>Core</Filter>
    </ClInclude>
    <ClInclude Include="..\..\Source\Shapes\AggregateShape.h">
      <Filter>Shapes</Filter>
    </ClInclude>
    <ClInclude Include="..\..\Source\Core\VSerializableObject.h">
      <Filter>Core</Filter>
    </ClInclude>
    <ClInclude Include="..\..\Source\Integrator\SimpleIntegrator.h">
      <Filter>Integrator</Filter>
    </ClInclude>
    <ClInclude Include="..\..\Source\Integrator\WhittedIntegrator.h">
      <Filter>Integrator</Filter>
    </ClInclude>
    <ClInclude Include="..\..\Source\Integrator\IntegratorPCH.h">
      <Filter>Integrator</Filter>
    </ClInclude>
    <ClInclude Include="..\..\Source\BRDF\SpecularReflection.h">
      <Filter>BRDF</Filter>
    </ClInclude>
    <ClInclude Include="..\..\Source\BRDF\Fresnel.h">
      <Filter>BRDF</Filter>
    </ClInclude>
    <ClInclude Include="..\..\Source\BRDF\FresnelConductor.h">
      <Filter>BRDF</Filter>
    </ClInclude>
    <ClInclude Include="..\..\Source\BRDF\FresnelDielectric.h">
      <Filter>BRDF</Filter>
    </ClInclude>
    <ClInclude Include="..\..\Source\BRDF\SpecularTransmission.h">
      <Filter>BRDF</Filter>
    </ClInclude>
    <ClInclude Include="..\..\Source\BRDF\BxDFHelper.h">
      <Filter>BRDF</Filter>
    </ClInclude>
    <ClInclude Include="..\..\Source\BRDF\BxDFType.h">
      <Filter>BRDF</Filter>
    </ClInclude>
    <ClInclude Include="..\..\Source\BRDF\BSDF.h">
      <Filter>BRDF</Filter>
    </ClInclude>
    <ClInclude Include="..\..\Source\Material\GlassMaterial.h">
      <Filter>Material</Filter>
    </ClInclude>
    <ClInclude Include="..\..\Source\Material\DiffuseMaterial.h">
      <Filter>Material</Filter>
    </ClInclude>
    <ClInclude Include="..\..\Source\Core\VCustomRTTI.h">
      <Filter>Core</Filter>
    </ClInclude>
    <ClInclude Include="..\..\Source\Shapes\Shape.h">
      <Filter>Shapes</Filter>
    </ClInclude>
    <ClInclude Include="..\..\Source\Light\AreaLighth.h">
      <Filter>Light</Filter>
    </ClInclude>
  </ItemGroup>
</Project>